# This file is generated by running "yarn install" inside your project.
# Manual changes might be lost - proceed with caution!

__metadata:
  version: 8
  cacheKey: 10c0

"@types/katex@npm:^0.16.7":
  version: 0.16.7
  resolution: "@types/katex@npm:0.16.7"
  checksum: 10c0/68dcb9f68a90513ec78ca0196a142e15c2a2c270b1520d752bafd47a99207115085a64087b50140359017d7e9c870b3c68e7e4d36668c9e348a9ef0c48919b5a
  languageName: node
  linkType: hard

"root-workspace-0b6124@workspace:.":
  version: 0.0.0-use.local
  resolution: "root-workspace-0b6124@workspace:."
  dependencies:
    "@types/katex": "npm:^0.16.7"
  languageName: unknown
  linkType: soft
