# This file is generated by running "yarn install" inside your project.
# Manual changes might be lost - proceed with caution!

__metadata:
  version: 10
  cacheKey: 10c0

"@types/katex@npm:^0.16.8":
  version: 0.16.8
  resolution: "@types/katex@npm:0.16.8"
  checksum: 10c0/0661609353f4f5e62bd2dc78da99e842761c6474b19f2268b195bbe9dbf20e6f766a31155d79eec2e7c3eff4e7eba4b30f4f519e9c6a11c75bb45e257a2ddb69
  languageName: node
  linkType: hard

"root-workspace-0b6124@workspace:.":
  version: 0.0.0-use.local
  resolution: "root-workspace-0b6124@workspace:."
  dependencies:
    "@types/katex": "npm:^0.16.8"
  languageName: unknown
  linkType: soft
